
Microsoft Visual Studio Solution File, Format Version 12.00
# Visual Studio 2013
VisualStudioVersion = 12.0.30501.0
MinimumVisualStudioVersion = 10.0.40219.1
Project("{FAE04EC0-301F-11D3-BF4B-00C04F79EFBC}") = "ArchieveTrainingProgram", "ArchieveTrainingProgram\ArchieveTrainingProgram.csproj", "{D366FBC0-B772-40A9-92EC-B27F7CBECE09}"
EndProject
Project("{FAE04EC0-301F-11D3-BF4B-00C04F79EFBC}") = "ArchieveAlgorithmUnitTest", "ArchieveAlgorhythmUnitTest\ArchieveAlgorithmUnitTest.csproj", "{3BC867F7-A377-4F68-A007-55C7B039CC62}"
	ProjectSection(ProjectDependencies) = postProject
		{D366FBC0-B772-40A9-92EC-B27F7CBECE09} = {D366FBC0-B772-40A9-92EC-B27F7CBECE09}
	EndProjectSection
EndProject
Project("{F088123C-0E9E-452A-89E6-6BA2F21D5CAC}") = "ArchieveTrainingProgramModelingProject", "ArchieveTrainingProgramModelingProject\ArchieveTrainingProgramModelingProject.modelproj", "{9CB301C4-C764-42B7-AAF2-50684DD9F5C5}"
EndProject
Project("{FAE04EC0-301F-11D3-BF4B-00C04F79EFBC}") = "ArchieveAlgorithms", "ArchieveAlgorhythms\ArchieveAlgorithms.csproj", "{3595A9AE-EC83-484F-85CE-8BF8F7A89ECE}"
EndProject
Global
	GlobalSection(SolutionConfigurationPlatforms) = preSolution
		Debug|Any CPU = Debug|Any CPU
		Release|Any CPU = Release|Any CPU
	EndGlobalSection
	GlobalSection(ProjectConfigurationPlatforms) = postSolution
		{D366FBC0-B772-40A9-92EC-B27F7CBECE09}.Debug|Any CPU.ActiveCfg = Debug|Any CPU
		{D366FBC0-B772-40A9-92EC-B27F7CBECE09}.Debug|Any CPU.Build.0 = Debug|Any CPU
		{D366FBC0-B772-40A9-92EC-B27F7CBECE09}.Release|Any CPU.ActiveCfg = Release|Any CPU
		{D366FBC0-B772-40A9-92EC-B27F7CBECE09}.Release|Any CPU.Build.0 = Release|Any CPU
		{3BC867F7-A377-4F68-A007-55C7B039CC62}.Debug|Any CPU.ActiveCfg = Debug|Any CPU
		{3BC867F7-A377-4F68-A007-55C7B039CC62}.Debug|Any CPU.Build.0 = Debug|Any CPU
		{3BC867F7-A377-4F68-A007-55C7B039CC62}.Release|Any CPU.ActiveCfg = Release|Any CPU
		{3BC867F7-A377-4F68-A007-55C7B039CC62}.Release|Any CPU.Build.0 = Release|Any CPU
		{9CB301C4-C764-42B7-AAF2-50684DD9F5C5}.Debug|Any CPU.ActiveCfg = Debug|Any CPU
		{9CB301C4-C764-42B7-AAF2-50684DD9F5C5}.Debug|Any CPU.Build.0 = Debug|Any CPU
		{9CB301C4-C764-42B7-AAF2-50684DD9F5C5}.Release|Any CPU.ActiveCfg = Release|Any CPU
		{9CB301C4-C764-42B7-AAF2-50684DD9F5C5}.Release|Any CPU.Build.0 = Release|Any CPU
		{3595A9AE-EC83-484F-85CE-8BF8F7A89ECE}.Debug|Any CPU.ActiveCfg = Debug|Any CPU
		{3595A9AE-EC83-484F-85CE-8BF8F7A89ECE}.Debug|Any CPU.Build.0 = Debug|Any CPU
		{3595A9AE-EC83-484F-85CE-8BF8F7A89ECE}.Release|Any CPU.ActiveCfg = Release|Any CPU
		{3595A9AE-EC83-484F-85CE-8BF8F7A89ECE}.Release|Any CPU.Build.0 = Release|Any CPU
	EndGlobalSection
	GlobalSection(SolutionProperties) = preSolution
		HideSolutionNode = FALSE
	EndGlobalSection
EndGlobal
